
Microsoft Visual Studio Solution File, Format Version 12.00
# Visual Studio Version 17
VisualStudioVersion = 17.4.33213.308
MinimumVisualStudioVersion = 10.0.40219.1
Project("{FAE04EC0-301F-11D3-BF4B-00C04F79EFBC}") = "oop_abstract_tank", "oop_abstract_tank\oop_abstract_tank.csproj", "{5177E031-6FD2-43F1-9E23-CA1A5F224D9D}"
EndProject
Global
	GlobalSection(SolutionConfigurationPlatforms) = preSolution
		Debug|Any CPU = Debug|Any CPU
		Release|Any CPU = Release|Any CPU
	EndGlobalSection
	GlobalSection(ProjectConfigurationPlatforms) = postSolution
		{5177E031-6FD2-43F1-9E23-CA1A5F224D9D}.Debug|Any CPU.ActiveCfg = Debug|Any CPU
		{5177E031-6FD2-43F1-9E23-CA1A5F224D9D}.Debug|Any CPU.Build.0 = Debug|Any CPU
		{5177E031-6FD2-43F1-9E23-CA1A5F224D9D}.Release|Any CPU.ActiveCfg = Release|Any CPU
		{5177E031-6FD2-43F1-9E23-CA1A5F224D9D}.Release|Any CPU.Build.0 = Release|Any CPU
	EndGlobalSection
	GlobalSection(SolutionProperties) = preSolution
		HideSolutionNode = FALSE
	EndGlobalSection
	GlobalSection(ExtensibilityGlobals) = postSolution
		SolutionGuid = {34DD08CA-AC7E-4163-B33C-F97F34140399}
	EndGlobalSection
EndGlobal
