
Microsoft Visual Studio Solution File, Format Version 12.00
# Visual Studio Version 17
VisualStudioVersion = 17.4.33213.308
MinimumVisualStudioVersion = 10.0.40219.1
Project("{FAE04EC0-301F-11D3-BF4B-00C04F79EFBC}") = "cs_delegates_initializer", "cs_delegates_initializer\cs_delegates_initializer.csproj", "{49C1D4C9-0F4F-44C7-BE59-747699245BF5}"
EndProject
Global
	GlobalSection(SolutionConfigurationPlatforms) = preSolution
		Debug|Any CPU = Debug|Any CPU
		Release|Any CPU = Release|Any CPU
	EndGlobalSection
	GlobalSection(ProjectConfigurationPlatforms) = postSolution
		{49C1D4C9-0F4F-44C7-BE59-747699245BF5}.Debug|Any CPU.ActiveCfg = Debug|Any CPU
		{49C1D4C9-0F4F-44C7-BE59-747699245BF5}.Debug|Any CPU.Build.0 = Debug|Any CPU
		{49C1D4C9-0F4F-44C7-BE59-747699245BF5}.Release|Any CPU.ActiveCfg = Release|Any CPU
		{49C1D4C9-0F4F-44C7-BE59-747699245BF5}.Release|Any CPU.Build.0 = Release|Any CPU
	EndGlobalSection
	GlobalSection(SolutionProperties) = preSolution
		HideSolutionNode = FALSE
	EndGlobalSection
	GlobalSection(ExtensibilityGlobals) = postSolution
		SolutionGuid = {19E00D3A-036A-44C5-8F24-A1F389895199}
	EndGlobalSection
EndGlobal
