
Microsoft Visual Studio Solution File, Format Version 12.00
# Visual Studio Version 17
VisualStudioVersion = 17.4.33213.308
MinimumVisualStudioVersion = 10.0.40219.1
Project("{FAE04EC0-301F-11D3-BF4B-00C04F79EFBC}") = "cs_arrays", "cs_arrays\cs_arrays.csproj", "{2A9A9458-8FB3-4AAB-B41F-123408077DC4}"
EndProject
Global
	GlobalSection(SolutionConfigurationPlatforms) = preSolution
		Debug|Any CPU = Debug|Any CPU
		Release|Any CPU = Release|Any CPU
	EndGlobalSection
	GlobalSection(ProjectConfigurationPlatforms) = postSolution
		{2A9A9458-8FB3-4AAB-B41F-123408077DC4}.Debug|Any CPU.ActiveCfg = Debug|Any CPU
		{2A9A9458-8FB3-4AAB-B41F-123408077DC4}.Debug|Any CPU.Build.0 = Debug|Any CPU
		{2A9A9458-8FB3-4AAB-B41F-123408077DC4}.Release|Any CPU.ActiveCfg = Release|Any CPU
		{2A9A9458-8FB3-4AAB-B41F-123408077DC4}.Release|Any CPU.Build.0 = Release|Any CPU
	EndGlobalSection
	GlobalSection(SolutionProperties) = preSolution
		HideSolutionNode = FALSE
	EndGlobalSection
	GlobalSection(ExtensibilityGlobals) = postSolution
		SolutionGuid = {0A761C56-53B4-47ED-8343-C5C32F99DCE8}
	EndGlobalSection
EndGlobal
