
Microsoft Visual Studio Solution File, Format Version 12.00
# Visual Studio Version 17
VisualStudioVersion = 17.4.33213.308
MinimumVisualStudioVersion = 10.0.40219.1
Project("{FAE04EC0-301F-11D3-BF4B-00C04F79EFBC}") = "cs_classses_props", "cs_classses_props\cs_classses_props.csproj", "{FE343401-5758-4AD4-AA08-9F77CEBC9405}"
EndProject
Global
	GlobalSection(SolutionConfigurationPlatforms) = preSolution
		Debug|Any CPU = Debug|Any CPU
		Release|Any CPU = Release|Any CPU
	EndGlobalSection
	GlobalSection(ProjectConfigurationPlatforms) = postSolution
		{FE343401-5758-4AD4-AA08-9F77CEBC9405}.Debug|Any CPU.ActiveCfg = Debug|Any CPU
		{FE343401-5758-4AD4-AA08-9F77CEBC9405}.Debug|Any CPU.Build.0 = Debug|Any CPU
		{FE343401-5758-4AD4-AA08-9F77CEBC9405}.Release|Any CPU.ActiveCfg = Release|Any CPU
		{FE343401-5758-4AD4-AA08-9F77CEBC9405}.Release|Any CPU.Build.0 = Release|Any CPU
	EndGlobalSection
	GlobalSection(SolutionProperties) = preSolution
		HideSolutionNode = FALSE
	EndGlobalSection
	GlobalSection(ExtensibilityGlobals) = postSolution
		SolutionGuid = {D96A81F3-6B88-461A-9F67-3723F3E01455}
	EndGlobalSection
EndGlobal
