
Microsoft Visual Studio Solution File, Format Version 12.00
# Visual Studio Version 17
VisualStudioVersion = 17.4.33213.308
MinimumVisualStudioVersion = 10.0.40219.1
Project("{FAE04EC0-301F-11D3-BF4B-00C04F79EFBC}") = "cs_inher_poly_music", "cs_inher_poly_music\cs_inher_poly_music.csproj", "{B572F749-6BEA-47AC-B31C-9A9C5E24FCD4}"
EndProject
Global
	GlobalSection(SolutionConfigurationPlatforms) = preSolution
		Debug|Any CPU = Debug|Any CPU
		Release|Any CPU = Release|Any CPU
	EndGlobalSection
	GlobalSection(ProjectConfigurationPlatforms) = postSolution
		{B572F749-6BEA-47AC-B31C-9A9C5E24FCD4}.Debug|Any CPU.ActiveCfg = Debug|Any CPU
		{B572F749-6BEA-47AC-B31C-9A9C5E24FCD4}.Debug|Any CPU.Build.0 = Debug|Any CPU
		{B572F749-6BEA-47AC-B31C-9A9C5E24FCD4}.Release|Any CPU.ActiveCfg = Release|Any CPU
		{B572F749-6BEA-47AC-B31C-9A9C5E24FCD4}.Release|Any CPU.Build.0 = Release|Any CPU
	EndGlobalSection
	GlobalSection(SolutionProperties) = preSolution
		HideSolutionNode = FALSE
	EndGlobalSection
	GlobalSection(ExtensibilityGlobals) = postSolution
		SolutionGuid = {1D50C059-113B-4073-9588-17005129114E}
	EndGlobalSection
EndGlobal
